
Microsoft Visual Studio Solution File, Format Version 12.00
# Visual Studio Version 17
VisualStudioVersion = 17.8.34525.116
MinimumVisualStudioVersion = 10.0.40219.1
Project("{FAE04EC0-301F-11D3-BF4B-00C04F79EFBC}") = "ParkingBotAPI", "ParkingBotAPI\ParkingBotAPI.csproj", "{51A1A6C8-02E8-4DF9-9C5D-C7DFFAC7A68C}"
EndProject
Global
	GlobalSection(SolutionConfigurationPlatforms) = preSolution
		Debug|Any CPU = Debug|Any CPU
		Release|Any CPU = Release|Any CPU
	EndGlobalSection
	GlobalSection(ProjectConfigurationPlatforms) = postSolution
		{51A1A6C8-02E8-4DF9-9C5D-C7DFFAC7A68C}.Debug|Any CPU.ActiveCfg = Debug|Any CPU
		{51A1A6C8-02E8-4DF9-9C5D-C7DFFAC7A68C}.Debug|Any CPU.Build.0 = Debug|Any CPU
		{51A1A6C8-02E8-4DF9-9C5D-C7DFFAC7A68C}.Release|Any CPU.ActiveCfg = Release|Any CPU
		{51A1A6C8-02E8-4DF9-9C5D-C7DFFAC7A68C}.Release|Any CPU.Build.0 = Release|Any CPU
	EndGlobalSection
	GlobalSection(SolutionProperties) = preSolution
		HideSolutionNode = FALSE
	EndGlobalSection
	GlobalSection(ExtensibilityGlobals) = postSolution
		SolutionGuid = {00EFF9BB-421B-42F1-9656-84FF64F5645D}
	EndGlobalSection
EndGlobal
